// !$*UTF8*$!
{
	archiveVersion = 1;
	classes = {
	};
	objectVersion = 48;
	objects = {

/* Begin PBXBuildFile section */
		C4806C1C241D197100EE7685 /* AppDelegate.swift in Sources */ = {isa = PBXBuildFile; fileRef = C4806C1B241D197100EE7685 /* AppDelegate.swift */; };
		C4806C1E241D197100EE7685 /* ViewController.swift in Sources */ = {isa = PBXBuildFile; fileRef = C4806C1D241D197100EE7685 /* ViewController.swift */; };
		C4806C21241D197100EE7685 /* Main.storyboard in Resources */ = {isa = PBXBuildFile; fileRef = C4806C1F241D197100EE7685 /* Main.storyboard */; };
		C4806C23241D197100EE7685 /* Assets.xcassets in Resources */ = {isa = PBXBuildFile; fileRef = C4806C22241D197100EE7685 /* Assets.xcassets */; };
		C4806C26241D197100EE7685 /* LaunchScreen.storyboard in Resources */ = {isa = PBXBuildFile; fileRef = C4806C24241D197100EE7685 /* LaunchScreen.storyboard */; };
		C4806C2E241D2CC300EE7685 /* category.plist in Resources */ = {isa = PBXBuildFile; fileRef = C4806C2D241D2CC300EE7685 /* category.plist */; };
		C4C031C3241E2FD900EA1AAF /* JKNodeModel.swift in Sources */ = {isa = PBXBuildFile; fileRef = C4C031C2241E2FD900EA1AAF /* JKNodeModel.swift */; };
		C4C031CA241E362100EA1AAF /* JKMultiLevelCell.swift in Sources */ = {isa = PBXBuildFile; fileRef = C4C031C8241E362100EA1AAF /* JKMultiLevelCell.swift */; };
		C4C031CB241E362100EA1AAF /* JKMultiLevelCell.xib in Resources */ = {isa = PBXBuildFile; fileRef = C4C031C9241E362100EA1AAF /* JKMultiLevelCell.xib */; };
/* End PBXBuildFile section */

/* Begin PBXFileReference section */
		C4806C18241D197100EE7685 /* TreeTableView.app */ = {isa = PBXFileReference; explicitFileType = wrapper.application; includeInIndex = 0; path = TreeTableView.app; sourceTree = BUILT_PRODUCTS_DIR; };
		C4806C1B241D197100EE7685 /* AppDelegate.swift */ = {isa = PBXFileReference; lastKnownFileType = sourcecode.swift; path = AppDelegate.swift; sourceTree = "<group>"; };
		C4806C1D241D197100EE7685 /* ViewController.swift */ = {isa = PBXFileReference; lastKnownFileType = sourcecode.swift; path = ViewController.swift; sourceTree = "<group>"; };
		C4806C20241D197100EE7685 /* Base */ = {isa = PBXFileReference; lastKnownFileType = file.storyboard; name = Base; path = Base.lproj/Main.storyboard; sourceTree = "<group>"; };
		C4806C22241D197100EE7685 /* Assets.xcassets */ = {isa = PBXFileReference; lastKnownFileType = folder.assetcatalog; path = Assets.xcassets; sourceTree = "<group>"; };
		C4806C25241D197100EE7685 /* Base */ = {isa = PBXFileReference; lastKnownFileType = file.storyboard; name = Base; path = Base.lproj/LaunchScreen.storyboard; sourceTree = "<group>"; };
		C4806C27241D197100EE7685 /* Info.plist */ = {isa = PBXFileReference; lastKnownFileType = text.plist.xml; path = Info.plist; sourceTree = "<group>"; };
		C4806C2D241D2CC300EE7685 /* category.plist */ = {isa = PBXFileReference; fileEncoding = 4; lastKnownFileType = text.plist.xml; path = category.plist; sourceTree = "<group>"; };
		C4C031C2241E2FD900EA1AAF /* JKNodeModel.swift */ = {isa = PBXFileReference; lastKnownFileType = sourcecode.swift; path = JKNodeModel.swift; sourceTree = "<group>"; };
		C4C031C8241E362100EA1AAF /* JKMultiLevelCell.swift */ = {isa = PBXFileReference; fileEncoding = 4; lastKnownFileType = sourcecode.swift; path = JKMultiLevelCell.swift; sourceTree = "<group>"; };
		C4C031C9241E362100EA1AAF /* JKMultiLevelCell.xib */ = {isa = PBXFileReference; fileEncoding = 4; lastKnownFileType = file.xib; path = JKMultiLevelCell.xib; sourceTree = "<group>"; };
/* End PBXFileReference section */

/* Begin PBXFrameworksBuildPhase section */
		C4806C15241D197100EE7685 /* Frameworks */ = {
			isa = PBXFrameworksBuildPhase;
			buildActionMask = 2147483647;
			files = (
			);
			runOnlyForDeploymentPostprocessing = 0;
		};
/* End PBXFrameworksBuildPhase section */

/* Begin PBXGroup section */
		C4806C0F241D197100EE7685 = {
			isa = PBXGroup;
			children = (
				C4806C1A241D197100EE7685 /* TreeTableView */,
				C4806C19241D197100EE7685 /* Products */,
			);
			sourceTree = "<group>";
		};
		C4806C19241D197100EE7685 /* Products */ = {
			isa = PBXGroup;
			children = (
				C4806C18241D197100EE7685 /* TreeTableView.app */,
			);
			name = Products;
			sourceTree = "<group>";
		};
		C4806C1A241D197100EE7685 /* TreeTableView */ = {
			isa = PBXGroup;
			children = (
				C4806C1B241D197100EE7685 /* AppDelegate.swift */,
				C4806C1D241D197100EE7685 /* ViewController.swift */,
				C4806C2D241D2CC300EE7685 /* category.plist */,
				C4806C1F241D197100EE7685 /* Main.storyboard */,
				C4806C22241D197100EE7685 /* Assets.xcassets */,
				C4806C24241D197100EE7685 /* LaunchScreen.storyboard */,
				C4806C27241D197100EE7685 /* Info.plist */,
				C4C031C2241E2FD900EA1AAF /* JKNodeModel.swift */,
				C4C031C8241E362100EA1AAF /* JKMultiLevelCell.swift */,
				C4C031C9241E362100EA1AAF /* JKMultiLevelCell.xib */,
			);
			path = TreeTableView;
			sourceTree = "<group>";
		};
/* End PBXGroup section */

/* Begin PBXNativeTarget section */
		C4806C17241D197100EE7685 /* TreeTableView */ = {
			isa = PBXNativeTarget;
			buildConfigurationList = C4806C2A241D197100EE7685 /* Build configuration list for PBXNativeTarget "TreeTableView" */;
			buildPhases = (
				C4806C14241D197100EE7685 /* Sources */,
				C4806C15241D197100EE7685 /* Frameworks */,
				C4806C16241D197100EE7685 /* Resources */,
			);
			buildRules = (
			);
			dependencies = (
			);
			name = TreeTableView;
			productName = TreeTableView;
			productReference = C4806C18241D197100EE7685 /* TreeTableView.app */;
			productType = "com.apple.product-type.application";
		};
/* End PBXNativeTarget section */

/* Begin PBXProject section */
		C4806C10241D197100EE7685 /* Project object */ = {
			isa = PBXProject;
			attributes = {
				LastSwiftUpdateCheck = 0900;
				LastUpgradeCheck = 0900;
				ORGANIZATIONNAME = Prashant;
				TargetAttributes = {
					C4806C17241D197100EE7685 = {
						CreatedOnToolsVersion = 9.0.1;
						ProvisioningStyle = Manual;
					};
				};
			};
			buildConfigurationList = C4806C13241D197100EE7685 /* Build configuration list for PBXProject "TreeTableView" */;
			compatibilityVersion = "Xcode 8.0";
			developmentRegion = en;
			hasScannedForEncodings = 0;
			knownRegions = (
				en,
				Base,
			);
			mainGroup = C4806C0F241D197100EE7685;
			productRefGroup = C4806C19241D197100EE7685 /* Products */;
			projectDirPath = "";
			projectRoot = "";
			targets = (
				C4806C17241D197100EE7685 /* TreeTableView */,
			);
		};
/* End PBXProject section */

/* Begin PBXResourcesBuildPhase section */
		C4806C16241D197100EE7685 /* Resources */ = {
			isa = PBXResourcesBuildPhase;
			buildActionMask = 2147483647;
			files = (
				C4806C26241D197100EE7685 /* LaunchScreen.storyboard in Resources */,
				C4806C23241D197100EE7685 /* Assets.xcassets in Resources */,
				C4806C2E241D2CC300EE7685 /* category.plist in Resources */,
				C4C031CB241E362100EA1AAF /* JKMultiLevelCell.xib in Resources */,
				C4806C21241D197100EE7685 /* Main.storyboard in Resources */,
			);
			runOnlyForDeploymentPostprocessing = 0;
		};
/* End PBXResourcesBuildPhase section */

/* Begin PBXSourcesBuildPhase section */
		C4806C14241D197100EE7685 /* Sources */ = {
			isa = PBXSourcesBuildPhase;
			buildActionMask = 2147483647;
			files = (
				C4C031C3241E2FD900EA1AAF /* JKNodeModel.swift in Sources */,
				C4C031CA241E362100EA1AAF /* JKMultiLevelCell.swift in Sources */,
				C4806C1E241D197100EE7685 /* ViewController.swift in Sources */,
				C4806C1C241D197100EE7685 /* AppDelegate.swift in Sources */,
			);
			runOnlyForDeploymentPostprocessing = 0;
		};
/* End PBXSourcesBuildPhase section */

/* Begin PBXVariantGroup section */
		C4806C1F241D197100EE7685 /* Main.storyboard */ = {
			isa = PBXVariantGroup;
			children = (
				C4806C20241D197100EE7685 /* Base */,
			);
			name = Main.storyboard;
			sourceTree = "<group>";
		};
		C4806C24241D197100EE7685 /* LaunchScreen.storyboard */ = {
			isa = PBXVariantGroup;
			children = (
				C4806C25241D197100EE7685 /* Base */,
			);
			name = LaunchScreen.storyboard;
			sourceTree = "<group>";
		};
/* End PBXVariantGroup section */

/* Begin XCBuildConfiguration section */
		C4806C28241D197100EE7685 /* Debug */ = {
			isa = XCBuildConfiguration;
			buildSettings = {
				ALWAYS_SEARCH_USER_PATHS = NO;
				CLANG_ANALYZER_NONNULL = YES;
				CLANG_ANALYZER_NUMBER_OBJECT_CONVERSION = YES_AGGRESSIVE;
				CLANG_CXX_LANGUAGE_STANDARD = "gnu++14";
				CLANG_CXX_LIBRARY = "libc++";
				CLANG_ENABLE_MODULES = YES;
				CLANG_ENABLE_OBJC_ARC = YES;
				CLANG_WARN_BLOCK_CAPTURE_AUTORELEASING = YES;
				CLANG_WARN_BOOL_CONVERSION = YES;
				CLANG_WARN_COMMA = YES;
				CLANG_WARN_CONSTANT_CONVERSION = YES;
				CLANG_WARN_DIRECT_OBJC_ISA_USAGE = YES_ERROR;
				CLANG_WARN_DOCUMENTATION_COMMENTS = YES;
				CLANG_WARN_EMPTY_BODY = YES;
				CLANG_WARN_ENUM_CONVERSION = YES;
				CLANG_WARN_INFINITE_RECURSION = YES;
				CLANG_WARN_INT_CONVERSION = YES;
				CLANG_WARN_NON_LITERAL_NULL_CONVERSION = YES;
				CLANG_WARN_OBJC_LITERAL_CONVERSION = YES;
				CLANG_WARN_OBJC_ROOT_CLASS = YES_ERROR;
				CLANG_WARN_RANGE_LOOP_ANALYSIS = YES;
				CLANG_WARN_STRICT_PROTOTYPES = YES;
				CLANG_WARN_SUSPICIOUS_MOVE = YES;
				CLANG_WARN_UNGUARDED_AVAILABILITY = YES_AGGRESSIVE;
				CLANG_WARN_UNREACHABLE_CODE = YES;
				CLANG_WARN__DUPLICATE_METHOD_MATCH = YES;
				CODE_SIGN_IDENTITY = "iPhone Developer";
				COPY_PHASE_STRIP = NO;
				DEBUG_INFORMATION_FORMAT = dwarf;
				ENABLE_STRICT_OBJC_MSGSEND = YES;
				ENABLE_TESTABILITY = YES;
				GCC_C_LANGUAGE_STANDARD = gnu11;
				GCC_DYNAMIC_NO_PIC = NO;
				GCC_NO_COMMON_BLOCKS = YES;
				GCC_OPTIMIZATION_LEVEL = 0;
				GCC_PREPROCESSOR_DEFINITIONS = (
					"DEBUG=1",
					"$(inherited)",
				);
				GCC_WARN_64_TO_32_BIT_CONVERSION = YES;
				GCC_WARN_ABOUT_RETURN_TYPE = YES_ERROR;
				GCC_WARN_UNDECLARED_SELECTOR = YES;
				GCC_WARN_UNINITIALIZED_AUTOS = YES_AGGRESSIVE;
				GCC_WARN_UNUSED_FUNCTION = YES;
				GCC_WARN_UNUSED_VARIABLE = YES;
				IPHONEOS_DEPLOYMENT_TARGET = 11.0;
				MTL_ENABLE_DEBUG_INFO = YES;
				ONLY_ACTIVE_ARCH = YES;
				SDKROOT = iphoneos;
				SWIFT_ACTIVE_COMPILATION_CONDITIONS = DEBUG;
				SWIFT_OPTIMIZATION_LEVEL = "-Onone";
			};
			name = Debug;
		};
		C4806C29241D197100EE7685 /* Release */ = {
			isa = XCBuildConfiguration;
			buildSettings = {
				ALWAYS_SEARCH_USER_PATHS = NO;
				CLANG_ANALYZER_NONNULL = YES;
				CLANG_ANALYZER_NUMBER_OBJECT_CONVERSION = YES_AGGRESSIVE;
				CLANG_CXX_LANGUAGE_STANDARD = "gnu++14";
				CLANG_CXX_LIBRARY = "libc++";
				CLANG_ENABLE_MODULES = YES;
				CLANG_ENABLE_OBJC_ARC = YES;
				CLANG_WARN_BLOCK_CAPTURE_AUTORELEASING = YES;
				CLANG_WARN_BOOL_CONVERSION = YES;
				CLANG_WARN_COMMA = YES;
				CLANG_WARN_CONSTANT_CONVERSION = YES;
				CLANG_WARN_DIRECT_OBJC_ISA_USAGE = YES_ERROR;
				CLANG_WARN_DOCUMENTATION_COMMENTS = YES;
				CLANG_WARN_EMPTY_BODY = YES;
				CLANG_WARN_ENUM_CONVERSION = YES;
				CLANG_WARN_INFINITE_RECURSION = YES;
				CLANG_WARN_INT_CONVERSION = YES;
				CLANG_WARN_NON_LITERAL_NULL_CONVERSION = YES;
				CLANG_WARN_OBJC_LITERAL_CONVERSION = YES;
				CLANG_WARN_OBJC_ROOT_CLASS = YES_ERROR;
				CLANG_WARN_RANGE_LOOP_ANALYSIS = YES;
				CLANG_WARN_STRICT_PROTOTYPES = YES;
				CLANG_WARN_SUSPICIOUS_MOVE = YES;
				CLANG_WARN_UNGUARDED_AVAILABILITY = YES_AGGRESSIVE;
				CLANG_WARN_UNREACHABLE_CODE = YES;
				CLANG_WARN__DUPLICATE_METHOD_MATCH = YES;
				CODE_SIGN_IDENTITY = "iPhone Developer";
				COPY_PHASE_STRIP = NO;
				DEBUG_INFORMATION_FORMAT = "dwarf-with-dsym";
				ENABLE_NS_ASSERTIONS = NO;
				ENABLE_STRICT_OBJC_MSGSEND = YES;
				GCC_C_LANGUAGE_STANDARD = gnu11;
				GCC_NO_COMMON_BLOCKS = YES;
				GCC_WARN_64_TO_32_BIT_CONVERSION = YES;
				GCC_WARN_ABOUT_RETURN_TYPE = YES_ERROR;
				GCC_WARN_UNDECLARED_SELECTOR = YES;
				GCC_WARN_UNINITIALIZED_AUTOS = YES_AGGRESSIVE;
				GCC_WARN_UNUSED_FUNCTION = YES;
				GCC_WARN_UNUSED_VARIABLE = YES;
				IPHONEOS_DEPLOYMENT_TARGET = 11.0;
				MTL_ENABLE_DEBUG_INFO = NO;
				SDKROOT = iphoneos;
				SWIFT_OPTIMIZATION_LEVEL = "-Owholemodule";
				VALIDATE_PRODUCT = YES;
			};
			name = Release;
		};
		C4806C2B241D197100EE7685 /* Debug */ = {
			isa = XCBuildConfiguration;
			buildSettings = {
				ASSETCATALOG_COMPILER_APPICON_NAME = AppIcon;
				CODE_SIGN_STYLE = Manual;
				DEVELOPMENT_TEAM = "";
				INFOPLIST_FILE = TreeTableView/Info.plist;
				LD_RUNPATH_SEARCH_PATHS = "$(inherited) @executable_path/Frameworks";
				PRODUCT_BUNDLE_IDENTIFIER = Prashant.TreeTableView;
				PRODUCT_NAME = "$(TARGET_NAME)";
				PROVISIONING_PROFILE_SPECIFIER = "";
				SWIFT_VERSION = 4.0;
				TARGETED_DEVICE_FAMILY = "1,2";
			};
			name = Debug;
		};
		C4806C2C241D197100EE7685 /* Release */ = {
			isa = XCBuildConfiguration;
			buildSettings = {
				ASSETCATALOG_COMPILER_APPICON_NAME = AppIcon;
				CODE_SIGN_STYLE = Manual;
				DEVELOPMENT_TEAM = "";
				INFOPLIST_FILE = TreeTableView/Info.plist;
				LD_RUNPATH_SEARCH_PATHS = "$(inherited) @executable_path/Frameworks";
				PRODUCT_BUNDLE_IDENTIFIER = Prashant.TreeTableView;
				PRODUCT_NAME = "$(TARGET_NAME)";
				PROVISIONING_PROFILE_SPECIFIER = "";
				SWIFT_VERSION = 4.0;
				TARGETED_DEVICE_FAMILY = "1,2";
			};
			name = Release;
		};
/* End XCBuildConfiguration section */

/* Begin XCConfigurationList section */
		C4806C13241D197100EE7685 /* Build configuration list for PBXProject "TreeTableView" */ = {
			isa = XCConfigurationList;
			buildConfigurations = (
				C4806C28241D197100EE7685 /* Debug */,
				C4806C29241D197100EE7685 /* Release */,
			);
			defaultConfigurationIsVisible = 0;
			defaultConfigurationName = Release;
		};
		C4806C2A241D197100EE7685 /* Build configuration list for PBXNativeTarget "TreeTableView" */ = {
			isa = XCConfigurationList;
			buildConfigurations = (
				C4806C2B241D197100EE7685 /* Debug */,
				C4806C2C241D197100EE7685 /* Release */,
			);
			defaultConfigurationIsVisible = 0;
			defaultConfigurationName = Release;
		};
/* End XCConfigurationList section */
	};
	rootObject = C4806C10241D197100EE7685 /* Project object */;
}
